Microsoft Visual Studio Solution File, Format Version 12.00
# Visual Studio Version 17
VisualStudioVersion = 17.5.2.0
MinimumVisualStudioVersion = 10.0.40219.1
Project("{FAE04EC0-301F-11D3-BF4B-00C04F79EFBC}") = "HotelReservationApp", "HotelReservationApp\HotelReservationApp.csproj", "{22FE0C6F-D141-216F-F7CD-9A869876381B}"
EndProject
Global
	GlobalSection(SolutionConfigurationPlatforms) = preSolution
		Debug|Any CPU = Debug|Any CPU
		Release|Any CPU = Release|Any CPU
	EndGlobalSection
	GlobalSection(ProjectConfigurationPlatforms) = postSolution
		{22FE0C6F-D141-216F-F7CD-9A869876381B}.Debug|Any CPU.ActiveCfg = Debug|Any CPU
		{22FE0C6F-D141-216F-F7CD-9A869876381B}.Debug|Any CPU.Build.0 = Debug|Any CPU
		{22FE0C6F-D141-216F-F7CD-9A869876381B}.Release|Any CPU.ActiveCfg = Release|Any CPU
		{22FE0C6F-D141-216F-F7CD-9A869876381B}.Release|Any CPU.Build.0 = Release|Any CPU
	EndGlobalSection
	GlobalSection(SolutionProperties) = preSolution
		HideSolutionNode = FALSE
	EndGlobalSection
	GlobalSection(ExtensibilityGlobals) = postSolution
		SolutionGuid = {0CDA6DEB-C0BB-4C5F-9498-FA0D1F40B991}
	EndGlobalSection
EndGlobal
